
Microsoft Visual Studio Solution File, Format Version 12.00
# Visual Studio 14
VisualStudioVersion = 14.0.25420.1
MinimumVisualStudioVersion = 10.0.40219.1
Project("{2150E333-8FDC-42A3-9474-1A3956D46DE8}") = "Game", "Game", "{92C21309-1E57-4965-A8EC-C4BE868DA1B6}"
EndProject
Project("{8BC9CEB8-8B4A-11D0-8D11-00A0C91BC942}") = "MyGame", "Code\Game\MyGame\MyGame.vcxproj", "{FA0FB4E2-DCCE-484C-9206-653823C8F8DA}"
	ProjectSection(ProjectDependencies) = postProject
		{F34CE434-9D44-4FCE-AED5-A4AC959E95DB} = {F34CE434-9D44-4FCE-AED5-A4AC959E95DB}
		{C073AA3C-C800-4495-9F92-C622FF2EA5E1} = {C073AA3C-C800-4495-9F92-C622FF2EA5E1}
		{1F7C7592-2ADE-481F-B0D9-42B329C58DEE} = {1F7C7592-2ADE-481F-B0D9-42B329C58DEE}
		{1FB02E9A-B09C-43A3-B1AF-48171A1F49CB} = {1FB02E9A-B09C-43A3-B1AF-48171A1F49CB}
	EndProjectSection
EndProject
Project("{2150E333-8FDC-42A3-9474-1A3956D46DE8}") = "Engine", "Engine", "{4A442E18-2366-468E-ABC3-35DFA10ED6AF}"
EndProject
Project("{8BC9CEB8-8B4A-11D0-8D11-00A0C91BC942}") = "Asserts", "Code\Engine\Asserts\Asserts.vcxproj", "{43657592-EB97-4A5E-A727-A9D4D9EC8E4D}"
EndProject
Project("{8BC9CEB8-8B4A-11D0-8D11-00A0C91BC942}") = "Windows", "Code\Engine\Windows\Windows.vcxproj", "{D56A49FB-C803-4D7E-A037-7BFEF69CB329}"
	ProjectSection(ProjectDependencies) = postProject
		{43657592-EB97-4A5E-A727-A9D4D9EC8E4D} = {43657592-EB97-4A5E-A727-A9D4D9EC8E4D}
	EndProjectSection
EndProject
Project("{8BC9CEB8-8B4A-11D0-8D11-00A0C91BC942}") = "Platform", "Code\Engine\Platform\Platform.vcxproj", "{48792CEB-F23F-4184-BB44-29A206D8CD05}"
	ProjectSection(ProjectDependencies) = postProject
		{D56A49FB-C803-4D7E-A037-7BFEF69CB329} = {D56A49FB-C803-4D7E-A037-7BFEF69CB329}
	EndProjectSection
EndProject
Project("{8BC9CEB8-8B4A-11D0-8D11-00A0C91BC942}") = "Application", "Code\Engine\Application\Application.vcxproj", "{C073AA3C-C800-4495-9F92-C622FF2EA5E1}"
	ProjectSection(ProjectDependencies) = postProject
		{A5095433-A0C7-4205-AD5B-82A5C09DE805} = {A5095433-A0C7-4205-AD5B-82A5C09DE805}
		{5E640B5D-294A-4795-BE3F-58076BD28B7B} = {5E640B5D-294A-4795-BE3F-58076BD28B7B}
		{D01E2480-8C49-4E7D-A34D-4DDB6AD3F552} = {D01E2480-8C49-4E7D-A34D-4DDB6AD3F552}
		{43657592-EB97-4A5E-A727-A9D4D9EC8E4D} = {43657592-EB97-4A5E-A727-A9D4D9EC8E4D}
		{F9C71CA5-AE92-4EF9-A46F-35E3B662F6BC} = {F9C71CA5-AE92-4EF9-A46F-35E3B662F6BC}
		{6002F1A8-F54B-4B87-A04E-D32FB429E674} = {6002F1A8-F54B-4B87-A04E-D32FB429E674}
		{73516EE2-C331-4AD4-AF38-A51397C94E06} = {73516EE2-C331-4AD4-AF38-A51397C94E06}
		{D56A49FB-C803-4D7E-A037-7BFEF69CB329} = {D56A49FB-C803-4D7E-A037-7BFEF69CB329}
	EndProjectSection
EndProject
Project("{8BC9CEB8-8B4A-11D0-8D11-00A0C91BC942}") = "Logging", "Code\Engine\Logging\Logging.vcxproj", "{5E640B5D-294A-4795-BE3F-58076BD28B7B}"
	ProjectSection(ProjectDependencies) = postProject
		{43657592-EB97-4A5E-A727-A9D4D9EC8E4D} = {43657592-EB97-4A5E-A727-A9D4D9EC8E4D}
	EndProjectSection
EndProject
Project("{8BC9CEB8-8B4A-11D0-8D11-00A0C91BC942}") = "UserOutput", "Code\Engine\UserOutput\UserOutput.vcxproj", "{A5095433-A0C7-4205-AD5B-82A5C09DE805}"
	ProjectSection(ProjectDependencies) = postProject
		{43657592-EB97-4A5E-A727-A9D4D9EC8E4D} = {43657592-EB97-4A5E-A727-A9D4D9EC8E4D}
		{D56A49FB-C803-4D7E-A037-7BFEF69CB329} = {D56A49FB-C803-4D7E-A037-7BFEF69CB329}
	EndProjectSection
EndProject
Project("{8BC9CEB8-8B4A-11D0-8D11-00A0C91BC942}") = "UserSettings", "Code\Engine\UserSettings\UserSettings.vcxproj", "{73516EE2-C331-4AD4-AF38-A51397C94E06}"
	ProjectSection(ProjectDependencies) = postProject
		{AD5FF729-F2C5-4197-9CAF-17B6312BB369} = {AD5FF729-F2C5-4197-9CAF-17B6312BB369}
		{5E640B5D-294A-4795-BE3F-58076BD28B7B} = {5E640B5D-294A-4795-BE3F-58076BD28B7B}
		{43657592-EB97-4A5E-A727-A9D4D9EC8E4D} = {43657592-EB97-4A5E-A727-A9D4D9EC8E4D}
		{48792CEB-F23F-4184-BB44-29A206D8CD05} = {48792CEB-F23F-4184-BB44-29A206D8CD05}
	EndProjectSection
EndProject
Project("{2150E333-8FDC-42A3-9474-1A3956D46DE8}") = "Tools", "Tools", "{2158CF78-B9A0-4AA8-9501-CA7ED75D0673}"
EndProject
Project("{8BC9CEB8-8B4A-11D0-8D11-00A0C91BC942}") = "AssetBuildSystem", "Code\Tools\AssetBuildSystem\AssetBuildSystem.vcxproj", "{12CA8666-2127-476E-B536-CB51F8BB6FCE}"
	ProjectSection(ProjectDependencies) = postProject
		{AD5FF729-F2C5-4197-9CAF-17B6312BB369} = {AD5FF729-F2C5-4197-9CAF-17B6312BB369}
		{40789A6F-3BFC-454D-B73D-9C5DEBB37D24} = {40789A6F-3BFC-454D-B73D-9C5DEBB37D24}
		{43657592-EB97-4A5E-A727-A9D4D9EC8E4D} = {43657592-EB97-4A5E-A727-A9D4D9EC8E4D}
		{48792CEB-F23F-4184-BB44-29A206D8CD05} = {48792CEB-F23F-4184-BB44-29A206D8CD05}
	EndProjectSection
EndProject
Project("{8BC9CEB8-8B4A-11D0-8D11-00A0C91BC942}") = "AssetBuildLibrary", "Code\Tools\AssetBuildLibrary\AssetBuildLibrary.vcxproj", "{40789A6F-3BFC-454D-B73D-9C5DEBB37D24}"
	ProjectSection(ProjectDependencies) = postProject
		{AD5FF729-F2C5-4197-9CAF-17B6312BB369} = {AD5FF729-F2C5-4197-9CAF-17B6312BB369}
		{48792CEB-F23F-4184-BB44-29A206D8CD05} = {48792CEB-F23F-4184-BB44-29A206D8CD05}
	EndProjectSection
EndProject
Project("{8BC9CEB8-8B4A-11D0-8D11-00A0C91BC942}") = "BuildAllAssets", "Code\Game\BuildAllAssets\BuildAllAssets.vcxproj", "{86E46A3C-608F-4DB3-B77B-B70A57B6A2E8}"
	ProjectSection(ProjectDependencies) = postProject
		{11D26A05-B417-4D45-94DF-1C0A826E91F5} = {11D26A05-B417-4D45-94DF-1C0A826E91F5}
		{92752341-DD2E-4DEC-A02B-FA751CEF0A20} = {92752341-DD2E-4DEC-A02B-FA751CEF0A20}
		{2B992A51-EAA6-4B37-9758-8E8BDD9DEF61} = {2B992A51-EAA6-4B37-9758-8E8BDD9DEF61}
		{12CA8666-2127-476E-B536-CB51F8BB6FCE} = {12CA8666-2127-476E-B536-CB51F8BB6FCE}
		{9314206B-96F9-46EC-AB30-26604D4FD3AC} = {9314206B-96F9-46EC-AB30-26604D4FD3AC}
		{ABCC2D7F-EE15-42C4-843A-4215520349A1} = {ABCC2D7F-EE15-42C4-843A-4215520349A1}
		{3F51E4A4-FC93-48EA-983F-79A8CF5E49B0} = {3F51E4A4-FC93-48EA-983F-79A8CF5E49B0}
		{876AC0EB-D6C6-48EC-A6EF-CB99E94FC7FB} = {876AC0EB-D6C6-48EC-A6EF-CB99E94FC7FB}
		{98AF81EF-41DE-4A22-B33C-4C4605373D76} = {98AF81EF-41DE-4A22-B33C-4C4605373D76}
	EndProjectSection
EndProject
Project("{2150E333-8FDC-42A3-9474-1A3956D46DE8}") = "External", "External", "{EE8DBE7D-1C1F-4B50-80BA-B01501A3BF1A}"
EndProject
Project("{8BC9CEB8-8B4A-11D0-8D11-00A0C91BC942}") = "OpenGlExtensions", "Code\External\OpenGlExtensions\OpenGlExtensions.vcxproj", "{821E505C-B13B-4EA2-8FA3-DDEE6D2D5B1D}"
	ProjectSection(ProjectDependencies) = postProject
		{43657592-EB97-4A5E-A727-A9D4D9EC8E4D} = {43657592-EB97-4A5E-A727-A9D4D9EC8E4D}
		{D56A49FB-C803-4D7E-A037-7BFEF69CB329} = {D56A49FB-C803-4D7E-A037-7BFEF69CB329}
	EndProjectSection
EndProject
Project("{8BC9CEB8-8B4A-11D0-8D11-00A0C91BC942}") = "Time", "Code\Engine\Time\Time.vcxproj", "{F9C71CA5-AE92-4EF9-A46F-35E3B662F6BC}"
	ProjectSection(ProjectDependencies) = postProject
		{5E640B5D-294A-4795-BE3F-58076BD28B7B} = {5E640B5D-294A-4795-BE3F-58076BD28B7B}
		{43657592-EB97-4A5E-A727-A9D4D9EC8E4D} = {43657592-EB97-4A5E-A727-A9D4D9EC8E4D}
		{D56A49FB-C803-4D7E-A037-7BFEF69CB329} = {D56A49FB-C803-4D7E-A037-7BFEF69CB329}
	EndProjectSection
EndProject
Project("{8BC9CEB8-8B4A-11D0-8D11-00A0C91BC942}") = "Graphics", "Code\Engine\Graphics\Graphics.vcxproj", "{D01E2480-8C49-4E7D-A34D-4DDB6AD3F552}"
	ProjectSection(ProjectDependencies) = postProject
		{821E505C-B13B-4EA2-8FA3-DDEE6D2D5B1D} = {821E505C-B13B-4EA2-8FA3-DDEE6D2D5B1D}
		{40789A6F-3BFC-454D-B73D-9C5DEBB37D24} = {40789A6F-3BFC-454D-B73D-9C5DEBB37D24}
		{0DAB78B1-E1C4-4E31-A15F-C5CB57C1D272} = {0DAB78B1-E1C4-4E31-A15F-C5CB57C1D272}
		{48792CEB-F23F-4184-BB44-29A206D8CD05} = {48792CEB-F23F-4184-BB44-29A206D8CD05}
	EndProjectSection
EndProject
Project("{8BC9CEB8-8B4A-11D0-8D11-00A0C91BC942}") = "Lua", "Code\External\Lua\Lua.vcxproj", "{AD5FF729-F2C5-4197-9CAF-17B6312BB369}"
EndProject
Project("{8BC9CEB8-8B4A-11D0-8D11-00A0C91BC942}") = "LuaExe", "Code\External\Lua\LuaExe.vcxproj", "{D59FA2EB-8C38-473B-B762-DA5B05140E1D}"
	ProjectSection(ProjectDependencies) = postProject
		{AD5FF729-F2C5-4197-9CAF-17B6312BB369} = {AD5FF729-F2C5-4197-9CAF-17B6312BB369}
	EndProjectSection
EndProject
Project("{8BC9CEB8-8B4A-11D0-8D11-00A0C91BC942}") = "UserInput", "Code\Engine\UserInput\UserInput.vcxproj", "{865D6CD8-B399-4824-92BE-171BD9488873}"
EndProject
Project("{8BC9CEB8-8B4A-11D0-8D11-00A0C91BC942}") = "Math", "Code\Engine\Math\Math.vcxproj", "{03DF1422-A701-4855-9E1B-FFD4FF4D5E40}"
	ProjectSection(ProjectDependencies) = postProject
		{43657592-EB97-4A5E-A727-A9D4D9EC8E4D} = {43657592-EB97-4A5E-A727-A9D4D9EC8E4D}
	EndProjectSection
EndProject
Project("{8BC9CEB8-8B4A-11D0-8D11-00A0C91BC942}") = "Gameplay", "Code\Game\Gameplay\Gameplay.vcxproj", "{F34CE434-9D44-4FCE-AED5-A4AC959E95DB}"
	ProjectSection(ProjectDependencies) = postProject
		{03DF1422-A701-4855-9E1B-FFD4FF4D5E40} = {03DF1422-A701-4855-9E1B-FFD4FF4D5E40}
		{5E640B5D-294A-4795-BE3F-58076BD28B7B} = {5E640B5D-294A-4795-BE3F-58076BD28B7B}
		{7B2923B2-7026-4F21-AC9D-78C067073158} = {7B2923B2-7026-4F21-AC9D-78C067073158}
		{865D6CD8-B399-4824-92BE-171BD9488873} = {865D6CD8-B399-4824-92BE-171BD9488873}
	EndProjectSection
EndProject
Project("{8BC9CEB8-8B4A-11D0-8D11-00A0C91BC942}") = "Camera", "Code\Engine\Camera\Camera.vcxproj", "{0DAB78B1-E1C4-4E31-A15F-C5CB57C1D272}"
	ProjectSection(ProjectDependencies) = postProject
		{03DF1422-A701-4855-9E1B-FFD4FF4D5E40} = {03DF1422-A701-4855-9E1B-FFD4FF4D5E40}
	EndProjectSection
EndProject
Project("{8BC9CEB8-8B4A-11D0-8D11-00A0C91BC942}") = "MayaMeshExporter", "Code\Tools\MayaMeshExporter\MayaMeshExporter.vcxproj", "{F4809017-D86E-4CB5-AC6C-8DA22FA39C39}"
EndProject
Project("{8BC9CEB8-8B4A-11D0-8D11-00A0C91BC942}") = "Mcpp", "Code\External\Mcpp\Mcpp.vcxproj", "{A85951B2-258B-431C-931E-209015247374}"
EndProject
Project("{8BC9CEB8-8B4A-11D0-8D11-00A0C91BC942}") = "ShaderBuilder", "Code\Tools\ShaderBuilder\ShaderBuilder.vcxproj", "{876AC0EB-D6C6-48EC-A6EF-CB99E94FC7FB}"
	ProjectSection(ProjectDependencies) = postProject
		{821E505C-B13B-4EA2-8FA3-DDEE6D2D5B1D} = {821E505C-B13B-4EA2-8FA3-DDEE6D2D5B1D}
		{40789A6F-3BFC-454D-B73D-9C5DEBB37D24} = {40789A6F-3BFC-454D-B73D-9C5DEBB37D24}
		{43657592-EB97-4A5E-A727-A9D4D9EC8E4D} = {43657592-EB97-4A5E-A727-A9D4D9EC8E4D}
		{A85951B2-258B-431C-931E-209015247374} = {A85951B2-258B-431C-931E-209015247374}
		{48792CEB-F23F-4184-BB44-29A206D8CD05} = {48792CEB-F23F-4184-BB44-29A206D8CD05}
		{D56A49FB-C803-4D7E-A037-7BFEF69CB329} = {D56A49FB-C803-4D7E-A037-7BFEF69CB329}
	EndProjectSection
EndProject
Project("{8BC9CEB8-8B4A-11D0-8D11-00A0C91BC942}") = "MeshBuilder", "Code\Tools\MeshBuilder\MeshBuilder.vcxproj", "{9314206B-96F9-46EC-AB30-26604D4FD3AC}"
	ProjectSection(ProjectDependencies) = postProject
		{03DF1422-A701-4855-9E1B-FFD4FF4D5E40} = {03DF1422-A701-4855-9E1B-FFD4FF4D5E40}
		{AD5FF729-F2C5-4197-9CAF-17B6312BB369} = {AD5FF729-F2C5-4197-9CAF-17B6312BB369}
		{40789A6F-3BFC-454D-B73D-9C5DEBB37D24} = {40789A6F-3BFC-454D-B73D-9C5DEBB37D24}
		{F9C71CA5-AE92-4EF9-A46F-35E3B662F6BC} = {F9C71CA5-AE92-4EF9-A46F-35E3B662F6BC}
		{48792CEB-F23F-4184-BB44-29A206D8CD05} = {48792CEB-F23F-4184-BB44-29A206D8CD05}
	EndProjectSection
EndProject
Project("{8BC9CEB8-8B4A-11D0-8D11-00A0C91BC942}") = "GameobjectBuilder", "Code\Tools\GameobjectBuilder\GameobjectBuilder.vcxproj", "{2B992A51-EAA6-4B37-9758-8E8BDD9DEF61}"
	ProjectSection(ProjectDependencies) = postProject
		{03DF1422-A701-4855-9E1B-FFD4FF4D5E40} = {03DF1422-A701-4855-9E1B-FFD4FF4D5E40}
		{AD5FF729-F2C5-4197-9CAF-17B6312BB369} = {AD5FF729-F2C5-4197-9CAF-17B6312BB369}
		{40789A6F-3BFC-454D-B73D-9C5DEBB37D24} = {40789A6F-3BFC-454D-B73D-9C5DEBB37D24}
		{7B2923B2-7026-4F21-AC9D-78C067073158} = {7B2923B2-7026-4F21-AC9D-78C067073158}
		{48792CEB-F23F-4184-BB44-29A206D8CD05} = {48792CEB-F23F-4184-BB44-29A206D8CD05}
	EndProjectSection
EndProject
Project("{8BC9CEB8-8B4A-11D0-8D11-00A0C91BC942}") = "EffectBuilder", "Code\Tools\EffectBuilder\EffectBuilder.vcxproj", "{ABCC2D7F-EE15-42C4-843A-4215520349A1}"
	ProjectSection(ProjectDependencies) = postProject
		{AD5FF729-F2C5-4197-9CAF-17B6312BB369} = {AD5FF729-F2C5-4197-9CAF-17B6312BB369}
		{40789A6F-3BFC-454D-B73D-9C5DEBB37D24} = {40789A6F-3BFC-454D-B73D-9C5DEBB37D24}
		{48792CEB-F23F-4184-BB44-29A206D8CD05} = {48792CEB-F23F-4184-BB44-29A206D8CD05}
	EndProjectSection
EndProject
Project("{8BC9CEB8-8B4A-11D0-8D11-00A0C91BC942}") = "StringHandler", "Code\Engine\StringHandler\StringHandler.vcxproj", "{7B2923B2-7026-4F21-AC9D-78C067073158}"
EndProject
Project("{8BC9CEB8-8B4A-11D0-8D11-00A0C91BC942}") = "MaterialBuilder", "Code\Tools\MaterialBuilder\MaterialBuilder.vcxproj", "{98AF81EF-41DE-4A22-B33C-4C4605373D76}"
	ProjectSection(ProjectDependencies) = postProject
		{AD5FF729-F2C5-4197-9CAF-17B6312BB369} = {AD5FF729-F2C5-4197-9CAF-17B6312BB369}
		{40789A6F-3BFC-454D-B73D-9C5DEBB37D24} = {40789A6F-3BFC-454D-B73D-9C5DEBB37D24}
		{48792CEB-F23F-4184-BB44-29A206D8CD05} = {48792CEB-F23F-4184-BB44-29A206D8CD05}
	EndProjectSection
EndProject
Project("{8BC9CEB8-8B4A-11D0-8D11-00A0C91BC942}") = "DirectXTex", "Code\External\DirectXTex\DirectXTex.vcxproj", "{11A2919E-11D2-45F8-89E1-4205623134E0}"
EndProject
Project("{8BC9CEB8-8B4A-11D0-8D11-00A0C91BC942}") = "TextureBuilder", "Code\Tools\TextureBuilder\TextureBuilder.vcxproj", "{3F51E4A4-FC93-48EA-983F-79A8CF5E49B0}"
	ProjectSection(ProjectDependencies) = postProject
		{03DF1422-A701-4855-9E1B-FFD4FF4D5E40} = {03DF1422-A701-4855-9E1B-FFD4FF4D5E40}
		{40789A6F-3BFC-454D-B73D-9C5DEBB37D24} = {40789A6F-3BFC-454D-B73D-9C5DEBB37D24}
		{11A2919E-11D2-45F8-89E1-4205623134E0} = {11A2919E-11D2-45F8-89E1-4205623134E0}
	EndProjectSection
EndProject
Project("{8BC9CEB8-8B4A-11D0-8D11-00A0C91BC942}") = "Gameobject2DBuilder", "Code\Tools\Gameobject2DBuilder\Gameobject2DBuilder.vcxproj", "{11D26A05-B417-4D45-94DF-1C0A826E91F5}"
	ProjectSection(ProjectDependencies) = postProject
		{03DF1422-A701-4855-9E1B-FFD4FF4D5E40} = {03DF1422-A701-4855-9E1B-FFD4FF4D5E40}
		{AD5FF729-F2C5-4197-9CAF-17B6312BB369} = {AD5FF729-F2C5-4197-9CAF-17B6312BB369}
		{40789A6F-3BFC-454D-B73D-9C5DEBB37D24} = {40789A6F-3BFC-454D-B73D-9C5DEBB37D24}
		{43657592-EB97-4A5E-A727-A9D4D9EC8E4D} = {43657592-EB97-4A5E-A727-A9D4D9EC8E4D}
		{48792CEB-F23F-4184-BB44-29A206D8CD05} = {48792CEB-F23F-4184-BB44-29A206D8CD05}
	EndProjectSection
EndProject
Project("{8BC9CEB8-8B4A-11D0-8D11-00A0C91BC942}") = "FontdataBuilder", "Code\Tools\FontdataBuilder\FontdataBuilder.vcxproj", "{92752341-DD2E-4DEC-A02B-FA751CEF0A20}"
	ProjectSection(ProjectDependencies) = postProject
		{AD5FF729-F2C5-4197-9CAF-17B6312BB369} = {AD5FF729-F2C5-4197-9CAF-17B6312BB369}
		{40789A6F-3BFC-454D-B73D-9C5DEBB37D24} = {40789A6F-3BFC-454D-B73D-9C5DEBB37D24}
		{48792CEB-F23F-4184-BB44-29A206D8CD05} = {48792CEB-F23F-4184-BB44-29A206D8CD05}
	EndProjectSection
EndProject
Project("{8BC9CEB8-8B4A-11D0-8D11-00A0C91BC942}") = "Debug", "Code\Game\Debug\Debug.vcxproj", "{1FB02E9A-B09C-43A3-B1AF-48171A1F49CB}"
EndProject
Project("{8BC9CEB8-8B4A-11D0-8D11-00A0C91BC942}") = "Physics", "Code\Engine\Physics\Physics.vcxproj", "{6002F1A8-F54B-4B87-A04E-D32FB429E674}"
EndProject
Project("{8BC9CEB8-8B4A-11D0-8D11-00A0C91BC942}") = "RakNet", "Code\External\RakNet\RakNet.vcxproj", "{14BCDA26-86F9-4EA9-ACCD-D84D80C39B0E}"
EndProject
Project("{8BC9CEB8-8B4A-11D0-8D11-00A0C91BC942}") = "Network", "Code\Engine\Network\Network.vcxproj", "{1F7C7592-2ADE-481F-B0D9-42B329C58DEE}"
	ProjectSection(ProjectDependencies) = postProject
		{14BCDA26-86F9-4EA9-ACCD-D84D80C39B0E} = {14BCDA26-86F9-4EA9-ACCD-D84D80C39B0E}
	EndProjectSection
EndProject
Project("{8BC9CEB8-8B4A-11D0-8D11-00A0C91BC942}") = "MyGameDummy", "Code\Game\MyGameDummy\MyGameDummy.vcxproj", "{8B7F00D5-D3BC-4310-9104-B39C8CEC8673}"
EndProject
Global
	GlobalSection(SolutionConfigurationPlatforms) = preSolution
		Debug|x64 = Debug|x64
		Debug|x86 = Debug|x86
		Release|x64 = Release|x64
		Release|x86 = Release|x86
	EndGlobalSection
	GlobalSection(ProjectConfigurationPlatforms) = postSolution
		{FA0FB4E2-DCCE-484C-9206-653823C8F8DA}.Debug|x64.ActiveCfg = Debug|x64
		{FA0FB4E2-DCCE-484C-9206-653823C8F8DA}.Debug|x64.Build.0 = Debug|x64
		{FA0FB4E2-DCCE-484C-9206-653823C8F8DA}.Debug|x86.ActiveCfg = Debug|Win32
		{FA0FB4E2-DCCE-484C-9206-653823C8F8DA}.Debug|x86.Build.0 = Debug|Win32
		{FA0FB4E2-DCCE-484C-9206-653823C8F8DA}.Release|x64.ActiveCfg = Release|x64
		{FA0FB4E2-DCCE-484C-9206-653823C8F8DA}.Release|x64.Build.0 = Release|x64
		{FA0FB4E2-DCCE-484C-9206-653823C8F8DA}.Release|x86.ActiveCfg = Release|Win32
		{FA0FB4E2-DCCE-484C-9206-653823C8F8DA}.Release|x86.Build.0 = Release|Win32
		{43657592-EB97-4A5E-A727-A9D4D9EC8E4D}.Debug|x64.ActiveCfg = Debug|x64
		{43657592-EB97-4A5E-A727-A9D4D9EC8E4D}.Debug|x64.Build.0 = Debug|x64
		{43657592-EB97-4A5E-A727-A9D4D9EC8E4D}.Debug|x86.ActiveCfg = Debug|Win32
		{43657592-EB97-4A5E-A727-A9D4D9EC8E4D}.Debug|x86.Build.0 = Debug|Win32
		{43657592-EB97-4A5E-A727-A9D4D9EC8E4D}.Release|x64.ActiveCfg = Release|x64
		{43657592-EB97-4A5E-A727-A9D4D9EC8E4D}.Release|x64.Build.0 = Release|x64
		{43657592-EB97-4A5E-A727-A9D4D9EC8E4D}.Release|x86.ActiveCfg = Release|Win32
		{43657592-EB97-4A5E-A727-A9D4D9EC8E4D}.Release|x86.Build.0 = Release|Win32
		{D56A49FB-C803-4D7E-A037-7BFEF69CB329}.Debug|x64.ActiveCfg = Debug|x64
		{D56A49FB-C803-4D7E-A037-7BFEF69CB329}.Debug|x64.Build.0 = Debug|x64
		{D56A49FB-C803-4D7E-A037-7BFEF69CB329}.Debug|x86.ActiveCfg = Debug|Win32
		{D56A49FB-C803-4D7E-A037-7BFEF69CB329}.Debug|x86.Build.0 = Debug|Win32
		{D56A49FB-C803-4D7E-A037-7BFEF69CB329}.Release|x64.ActiveCfg = Release|x64
		{D56A49FB-C803-4D7E-A037-7BFEF69CB329}.Release|x64.Build.0 = Release|x64
		{D56A49FB-C803-4D7E-A037-7BFEF69CB329}.Release|x86.ActiveCfg = Release|Win32
		{D56A49FB-C803-4D7E-A037-7BFEF69CB329}.Release|x86.Build.0 = Release|Win32
		{48792CEB-F23F-4184-BB44-29A206D8CD05}.Debug|x64.ActiveCfg = Debug|x64
		{48792CEB-F23F-4184-BB44-29A206D8CD05}.Debug|x64.Build.0 = Debug|x64
		{48792CEB-F23F-4184-BB44-29A206D8CD05}.Debug|x86.ActiveCfg = Debug|Win32
		{48792CEB-F23F-4184-BB44-29A206D8CD05}.Debug|x86.Build.0 = Debug|Win32
		{48792CEB-F23F-4184-BB44-29A206D8CD05}.Release|x64.ActiveCfg = Release|x64
		{48792CEB-F23F-4184-BB44-29A206D8CD05}.Release|x64.Build.0 = Release|x64
		{48792CEB-F23F-4184-BB44-29A206D8CD05}.Release|x86.ActiveCfg = Release|Win32
		{48792CEB-F23F-4184-BB44-29A206D8CD05}.Release|x86.Build.0 = Release|Win32
		{C073AA3C-C800-4495-9F92-C622FF2EA5E1}.Debug|x64.ActiveCfg = Debug|x64
		{C073AA3C-C800-4495-9F92-C622FF2EA5E1}.Debug|x64.Build.0 = Debug|x64
		{C073AA3C-C800-4495-9F92-C622FF2EA5E1}.Debug|x86.ActiveCfg = Debug|Win32
		{C073AA3C-C800-4495-9F92-C622FF2EA5E1}.Debug|x86.Build.0 = Debug|Win32
		{C073AA3C-C800-4495-9F92-C622FF2EA5E1}.Release|x64.ActiveCfg = Release|x64
		{C073AA3C-C800-4495-9F92-C622FF2EA5E1}.Release|x64.Build.0 = Release|x64
		{C073AA3C-C800-4495-9F92-C622FF2EA5E1}.Release|x86.ActiveCfg = Release|Win32
		{C073AA3C-C800-4495-9F92-C622FF2EA5E1}.Release|x86.Build.0 = Release|Win32
		{5E640B5D-294A-4795-BE3F-58076BD28B7B}.Debug|x64.ActiveCfg = Debug|x64
		{5E640B5D-294A-4795-BE3F-58076BD28B7B}.Debug|x64.Build.0 = Debug|x64
		{5E640B5D-294A-4795-BE3F-58076BD28B7B}.Debug|x86.ActiveCfg = Debug|Win32
		{5E640B5D-294A-4795-BE3F-58076BD28B7B}.Debug|x86.Build.0 = Debug|Win32
		{5E640B5D-294A-4795-BE3F-58076BD28B7B}.Release|x64.ActiveCfg = Release|x64
		{5E640B5D-294A-4795-BE3F-58076BD28B7B}.Release|x64.Build.0 = Release|x64
		{5E640B5D-294A-4795-BE3F-58076BD28B7B}.Release|x86.ActiveCfg = Release|Win32
		{5E640B5D-294A-4795-BE3F-58076BD28B7B}.Release|x86.Build.0 = Release|Win32
		{A5095433-A0C7-4205-AD5B-82A5C09DE805}.Debug|x64.ActiveCfg = Debug|x64
		{A5095433-A0C7-4205-AD5B-82A5C09DE805}.Debug|x64.Build.0 = Debug|x64
		{A5095433-A0C7-4205-AD5B-82A5C09DE805}.Debug|x86.ActiveCfg = Debug|Win32
		{A5095433-A0C7-4205-AD5B-82A5C09DE805}.Debug|x86.Build.0 = Debug|Win32
		{A5095433-A0C7-4205-AD5B-82A5C09DE805}.Release|x64.ActiveCfg = Release|x64
		{A5095433-A0C7-4205-AD5B-82A5C09DE805}.Release|x64.Build.0 = Release|x64
		{A5095433-A0C7-4205-AD5B-82A5C09DE805}.Release|x86.ActiveCfg = Release|Win32
		{A5095433-A0C7-4205-AD5B-82A5C09DE805}.Release|x86.Build.0 = Release|Win32
		{73516EE2-C331-4AD4-AF38-A51397C94E06}.Debug|x64.ActiveCfg = Debug|x64
		{73516EE2-C331-4AD4-AF38-A51397C94E06}.Debug|x64.Build.0 = Debug|x64
		{73516EE2-C331-4AD4-AF38-A51397C94E06}.Debug|x86.ActiveCfg = Debug|Win32
		{73516EE2-C331-4AD4-AF38-A51397C94E06}.Debug|x86.Build.0 = Debug|Win32
		{73516EE2-C331-4AD4-AF38-A51397C94E06}.Release|x64.ActiveCfg = Release|x64
		{73516EE2-C331-4AD4-AF38-A51397C94E06}.Release|x64.Build.0 = Release|x64
		{73516EE2-C331-4AD4-AF38-A51397C94E06}.Release|x86.ActiveCfg = Release|Win32
		{73516EE2-C331-4AD4-AF38-A51397C94E06}.Release|x86.Build.0 = Release|Win32
		{12CA8666-2127-476E-B536-CB51F8BB6FCE}.Debug|x64.ActiveCfg = Debug|x64
		{12CA8666-2127-476E-B536-CB51F8BB6FCE}.Debug|x64.Build.0 = Debug|x64
		{12CA8666-2127-476E-B536-CB51F8BB6FCE}.Debug|x86.ActiveCfg = Debug|Win32
		{12CA8666-2127-476E-B536-CB51F8BB6FCE}.Debug|x86.Build.0 = Debug|Win32
		{12CA8666-2127-476E-B536-CB51F8BB6FCE}.Release|x64.ActiveCfg = Release|x64
		{12CA8666-2127-476E-B536-CB51F8BB6FCE}.Release|x64.Build.0 = Release|x64
		{12CA8666-2127-476E-B536-CB51F8BB6FCE}.Release|x86.ActiveCfg = Release|Win32
		{12CA8666-2127-476E-B536-CB51F8BB6FCE}.Release|x86.Build.0 = Release|Win32
		{40789A6F-3BFC-454D-B73D-9C5DEBB37D24}.Debug|x64.ActiveCfg = Debug|x64
		{40789A6F-3BFC-454D-B73D-9C5DEBB37D24}.Debug|x64.Build.0 = Debug|x64
		{40789A6F-3BFC-454D-B73D-9C5DEBB37D24}.Debug|x86.ActiveCfg = Debug|Win32
		{40789A6F-3BFC-454D-B73D-9C5DEBB37D24}.Debug|x86.Build.0 = Debug|Win32
		{40789A6F-3BFC-454D-B73D-9C5DEBB37D24}.Release|x64.ActiveCfg = Release|x64
		{40789A6F-3BFC-454D-B73D-9C5DEBB37D24}.Release|x64.Build.0 = Release|x64
		{40789A6F-3BFC-454D-B73D-9C5DEBB37D24}.Release|x86.ActiveCfg = Release|Win32
		{40789A6F-3BFC-454D-B73D-9C5DEBB37D24}.Release|x86.Build.0 = Release|Win32
		{86E46A3C-608F-4DB3-B77B-B70A57B6A2E8}.Debug|x64.ActiveCfg = Debug|x64
		{86E46A3C-608F-4DB3-B77B-B70A57B6A2E8}.Debug|x64.Build.0 = Debug|x64
		{86E46A3C-608F-4DB3-B77B-B70A57B6A2E8}.Debug|x86.ActiveCfg = Debug|Win32
		{86E46A3C-608F-4DB3-B77B-B70A57B6A2E8}.Debug|x86.Build.0 = Debug|Win32
		{86E46A3C-608F-4DB3-B77B-B70A57B6A2E8}.Release|x64.ActiveCfg = Release|x64
		{86E46A3C-608F-4DB3-B77B-B70A57B6A2E8}.Release|x64.Build.0 = Release|x64
		{86E46A3C-608F-4DB3-B77B-B70A57B6A2E8}.Release|x86.ActiveCfg = Release|Win32
		{86E46A3C-608F-4DB3-B77B-B70A57B6A2E8}.Release|x86.Build.0 = Release|Win32
		{821E505C-B13B-4EA2-8FA3-DDEE6D2D5B1D}.Debug|x64.ActiveCfg = Debug|x64
		{821E505C-B13B-4EA2-8FA3-DDEE6D2D5B1D}.Debug|x86.ActiveCfg = Debug|Win32
		{821E505C-B13B-4EA2-8FA3-DDEE6D2D5B1D}.Debug|x86.Build.0 = Debug|Win32
		{821E505C-B13B-4EA2-8FA3-DDEE6D2D5B1D}.Release|x64.ActiveCfg = Release|x64
		{821E505C-B13B-4EA2-8FA3-DDEE6D2D5B1D}.Release|x86.ActiveCfg = Release|Win32
		{821E505C-B13B-4EA2-8FA3-DDEE6D2D5B1D}.Release|x86.Build.0 = Release|Win32
		{F9C71CA5-AE92-4EF9-A46F-35E3B662F6BC}.Debug|x64.ActiveCfg = Debug|x64
		{F9C71CA5-AE92-4EF9-A46F-35E3B662F6BC}.Debug|x64.Build.0 = Debug|x64
		{F9C71CA5-AE92-4EF9-A46F-35E3B662F6BC}.Debug|x86.ActiveCfg = Debug|Win32
		{F9C71CA5-AE92-4EF9-A46F-35E3B662F6BC}.Debug|x86.Build.0 = Debug|Win32
		{F9C71CA5-AE92-4EF9-A46F-35E3B662F6BC}.Release|x64.ActiveCfg = Release|x64
		{F9C71CA5-AE92-4EF9-A46F-35E3B662F6BC}.Release|x64.Build.0 = Release|x64
		{F9C71CA5-AE92-4EF9-A46F-35E3B662F6BC}.Release|x86.ActiveCfg = Release|Win32
		{F9C71CA5-AE92-4EF9-A46F-35E3B662F6BC}.Release|x86.Build.0 = Release|Win32
		{D01E2480-8C49-4E7D-A34D-4DDB6AD3F552}.Debug|x64.ActiveCfg = Debug|x64
		{D01E2480-8C49-4E7D-A34D-4DDB6AD3F552}.Debug|x64.Build.0 = Debug|x64
		{D01E2480-8C49-4E7D-A34D-4DDB6AD3F552}.Debug|x86.ActiveCfg = Debug|Win32
		{D01E2480-8C49-4E7D-A34D-4DDB6AD3F552}.Debug|x86.Build.0 = Debug|Win32
		{D01E2480-8C49-4E7D-A34D-4DDB6AD3F552}.Release|x64.ActiveCfg = Release|x64
		{D01E2480-8C49-4E7D-A34D-4DDB6AD3F552}.Release|x64.Build.0 = Release|x64
		{D01E2480-8C49-4E7D-A34D-4DDB6AD3F552}.Release|x86.ActiveCfg = Release|Win32
		{D01E2480-8C49-4E7D-A34D-4DDB6AD3F552}.Release|x86.Build.0 = Release|Win32
		{AD5FF729-F2C5-4197-9CAF-17B6312BB369}.Debug|x64.ActiveCfg = Debug|x64
		{AD5FF729-F2C5-4197-9CAF-17B6312BB369}.Debug|x64.Build.0 = Debug|x64
		{AD5FF729-F2C5-4197-9CAF-17B6312BB369}.Debug|x86.ActiveCfg = Debug|Win32
		{AD5FF729-F2C5-4197-9CAF-17B6312BB369}.Debug|x86.Build.0 = Debug|Win32
		{AD5FF729-F2C5-4197-9CAF-17B6312BB369}.Release|x64.ActiveCfg = Release|x64
		{AD5FF729-F2C5-4197-9CAF-17B6312BB369}.Release|x64.Build.0 = Release|x64
		{AD5FF729-F2C5-4197-9CAF-17B6312BB369}.Release|x86.ActiveCfg = Release|Win32
		{AD5FF729-F2C5-4197-9CAF-17B6312BB369}.Release|x86.Build.0 = Release|Win32
		{D59FA2EB-8C38-473B-B762-DA5B05140E1D}.Debug|x64.ActiveCfg = Debug|x64
		{D59FA2EB-8C38-473B-B762-DA5B05140E1D}.Debug|x64.Build.0 = Debug|x64
		{D59FA2EB-8C38-473B-B762-DA5B05140E1D}.Debug|x86.ActiveCfg = Debug|Win32
		{D59FA2EB-8C38-473B-B762-DA5B05140E1D}.Debug|x86.Build.0 = Debug|Win32
		{D59FA2EB-8C38-473B-B762-DA5B05140E1D}.Release|x64.ActiveCfg = Release|x64
		{D59FA2EB-8C38-473B-B762-DA5B05140E1D}.Release|x64.Build.0 = Release|x64
		{D59FA2EB-8C38-473B-B762-DA5B05140E1D}.Release|x86.ActiveCfg = Release|Win32
		{D59FA2EB-8C38-473B-B762-DA5B05140E1D}.Release|x86.Build.0 = Release|Win32
		{865D6CD8-B399-4824-92BE-171BD9488873}.Debug|x64.ActiveCfg = Debug|x64
		{865D6CD8-B399-4824-92BE-171BD9488873}.Debug|x64.Build.0 = Debug|x64
		{865D6CD8-B399-4824-92BE-171BD9488873}.Debug|x86.ActiveCfg = Debug|Win32
		{865D6CD8-B399-4824-92BE-171BD9488873}.Debug|x86.Build.0 = Debug|Win32
		{865D6CD8-B399-4824-92BE-171BD9488873}.Release|x64.ActiveCfg = Release|x64
		{865D6CD8-B399-4824-92BE-171BD9488873}.Release|x64.Build.0 = Release|x64
		{865D6CD8-B399-4824-92BE-171BD9488873}.Release|x86.ActiveCfg = Release|Win32
		{865D6CD8-B399-4824-92BE-171BD9488873}.Release|x86.Build.0 = Release|Win32
		{03DF1422-A701-4855-9E1B-FFD4FF4D5E40}.Debug|x64.ActiveCfg = Debug|x64
		{03DF1422-A701-4855-9E1B-FFD4FF4D5E40}.Debug|x64.Build.0 = Debug|x64
		{03DF1422-A701-4855-9E1B-FFD4FF4D5E40}.Debug|x86.ActiveCfg = Debug|Win32
		{03DF1422-A701-4855-9E1B-FFD4FF4D5E40}.Debug|x86.Build.0 = Debug|Win32
		{03DF1422-A701-4855-9E1B-FFD4FF4D5E40}.Release|x64.ActiveCfg = Release|x64
		{03DF1422-A701-4855-9E1B-FFD4FF4D5E40}.Release|x64.Build.0 = Release|x64
		{03DF1422-A701-4855-9E1B-FFD4FF4D5E40}.Release|x86.ActiveCfg = Release|Win32
		{03DF1422-A701-4855-9E1B-FFD4FF4D5E40}.Release|x86.Build.0 = Release|Win32
		{F34CE434-9D44-4FCE-AED5-A4AC959E95DB}.Debug|x64.ActiveCfg = Debug|x64
		{F34CE434-9D44-4FCE-AED5-A4AC959E95DB}.Debug|x64.Build.0 = Debug|x64
		{F34CE434-9D44-4FCE-AED5-A4AC959E95DB}.Debug|x86.ActiveCfg = Debug|Win32
		{F34CE434-9D44-4FCE-AED5-A4AC959E95DB}.Debug|x86.Build.0 = Debug|Win32
		{F34CE434-9D44-4FCE-AED5-A4AC959E95DB}.Release|x64.ActiveCfg = Release|x64
		{F34CE434-9D44-4FCE-AED5-A4AC959E95DB}.Release|x64.Build.0 = Release|x64
		{F34CE434-9D44-4FCE-AED5-A4AC959E95DB}.Release|x86.ActiveCfg = Release|Win32
		{F34CE434-9D44-4FCE-AED5-A4AC959E95DB}.Release|x86.Build.0 = Release|Win32
		{0DAB78B1-E1C4-4E31-A15F-C5CB57C1D272}.Debug|x64.ActiveCfg = Debug|x64
		{0DAB78B1-E1C4-4E31-A15F-C5CB57C1D272}.Debug|x64.Build.0 = Debug|x64
		{0DAB78B1-E1C4-4E31-A15F-C5CB57C1D272}.Debug|x86.ActiveCfg = Debug|Win32
		{0DAB78B1-E1C4-4E31-A15F-C5CB57C1D272}.Debug|x86.Build.0 = Debug|Win32
		{0DAB78B1-E1C4-4E31-A15F-C5CB57C1D272}.Release|x64.ActiveCfg = Release|x64
		{0DAB78B1-E1C4-4E31-A15F-C5CB57C1D272}.Release|x64.Build.0 = Release|x64
		{0DAB78B1-E1C4-4E31-A15F-C5CB57C1D272}.Release|x86.ActiveCfg = Release|Win32
		{0DAB78B1-E1C4-4E31-A15F-C5CB57C1D272}.Release|x86.Build.0 = Release|Win32
		{F4809017-D86E-4CB5-AC6C-8DA22FA39C39}.Debug|x64.ActiveCfg = Debug|x64
		{F4809017-D86E-4CB5-AC6C-8DA22FA39C39}.Debug|x64.Build.0 = Debug|x64
		{F4809017-D86E-4CB5-AC6C-8DA22FA39C39}.Debug|x86.ActiveCfg = Debug|x64
		{F4809017-D86E-4CB5-AC6C-8DA22FA39C39}.Debug|x86.Build.0 = Debug|x64
		{F4809017-D86E-4CB5-AC6C-8DA22FA39C39}.Release|x64.ActiveCfg = Release|x64
		{F4809017-D86E-4CB5-AC6C-8DA22FA39C39}.Release|x64.Build.0 = Release|x64
		{F4809017-D86E-4CB5-AC6C-8DA22FA39C39}.Release|x86.ActiveCfg = Release|x64
		{F4809017-D86E-4CB5-AC6C-8DA22FA39C39}.Release|x86.Build.0 = Release|x64
		{A85951B2-258B-431C-931E-209015247374}.Debug|x64.ActiveCfg = Debug|x64
		{A85951B2-258B-431C-931E-209015247374}.Debug|x86.ActiveCfg = Debug|Win32
		{A85951B2-258B-431C-931E-209015247374}.Debug|x86.Build.0 = Debug|Win32
		{A85951B2-258B-431C-931E-209015247374}.Release|x64.ActiveCfg = Release|x64
		{A85951B2-258B-431C-931E-209015247374}.Release|x86.ActiveCfg = Release|Win32
		{A85951B2-258B-431C-931E-209015247374}.Release|x86.Build.0 = Release|Win32
		{876AC0EB-D6C6-48EC-A6EF-CB99E94FC7FB}.Debug|x64.ActiveCfg = Debug|x64
		{876AC0EB-D6C6-48EC-A6EF-CB99E94FC7FB}.Debug|x64.Build.0 = Debug|x64
		{876AC0EB-D6C6-48EC-A6EF-CB99E94FC7FB}.Debug|x86.ActiveCfg = Debug|Win32
		{876AC0EB-D6C6-48EC-A6EF-CB99E94FC7FB}.Debug|x86.Build.0 = Debug|Win32
		{876AC0EB-D6C6-48EC-A6EF-CB99E94FC7FB}.Release|x64.ActiveCfg = Release|x64
		{876AC0EB-D6C6-48EC-A6EF-CB99E94FC7FB}.Release|x64.Build.0 = Release|x64
		{876AC0EB-D6C6-48EC-A6EF-CB99E94FC7FB}.Release|x86.ActiveCfg = Release|Win32
		{876AC0EB-D6C6-48EC-A6EF-CB99E94FC7FB}.Release|x86.Build.0 = Release|Win32
		{9314206B-96F9-46EC-AB30-26604D4FD3AC}.Debug|x64.ActiveCfg = Debug|x64
		{9314206B-96F9-46EC-AB30-26604D4FD3AC}.Debug|x64.Build.0 = Debug|x64
		{9314206B-96F9-46EC-AB30-26604D4FD3AC}.Debug|x86.ActiveCfg = Debug|Win32
		{9314206B-96F9-46EC-AB30-26604D4FD3AC}.Debug|x86.Build.0 = Debug|Win32
		{9314206B-96F9-46EC-AB30-26604D4FD3AC}.Release|x64.ActiveCfg = Release|x64
		{9314206B-96F9-46EC-AB30-26604D4FD3AC}.Release|x64.Build.0 = Release|x64
		{9314206B-96F9-46EC-AB30-26604D4FD3AC}.Release|x86.ActiveCfg = Release|Win32
		{9314206B-96F9-46EC-AB30-26604D4FD3AC}.Release|x86.Build.0 = Release|Win32
		{2B992A51-EAA6-4B37-9758-8E8BDD9DEF61}.Debug|x64.ActiveCfg = Debug|x64
		{2B992A51-EAA6-4B37-9758-8E8BDD9DEF61}.Debug|x64.Build.0 = Debug|x64
		{2B992A51-EAA6-4B37-9758-8E8BDD9DEF61}.Debug|x86.ActiveCfg = Debug|Win32
		{2B992A51-EAA6-4B37-9758-8E8BDD9DEF61}.Debug|x86.Build.0 = Debug|Win32
		{2B992A51-EAA6-4B37-9758-8E8BDD9DEF61}.Release|x64.ActiveCfg = Release|x64
		{2B992A51-EAA6-4B37-9758-8E8BDD9DEF61}.Release|x64.Build.0 = Release|x64
		{2B992A51-EAA6-4B37-9758-8E8BDD9DEF61}.Release|x86.ActiveCfg = Release|Win32
		{2B992A51-EAA6-4B37-9758-8E8BDD9DEF61}.Release|x86.Build.0 = Release|Win32
		{ABCC2D7F-EE15-42C4-843A-4215520349A1}.Debug|x64.ActiveCfg = Debug|x64
		{ABCC2D7F-EE15-42C4-843A-4215520349A1}.Debug|x64.Build.0 = Debug|x64
		{ABCC2D7F-EE15-42C4-843A-4215520349A1}.Debug|x86.ActiveCfg = Debug|Win32
		{ABCC2D7F-EE15-42C4-843A-4215520349A1}.Debug|x86.Build.0 = Debug|Win32
		{ABCC2D7F-EE15-42C4-843A-4215520349A1}.Release|x64.ActiveCfg = Release|x64
		{ABCC2D7F-EE15-42C4-843A-4215520349A1}.Release|x64.Build.0 = Release|x64
		{ABCC2D7F-EE15-42C4-843A-4215520349A1}.Release|x86.ActiveCfg = Release|Win32
		{ABCC2D7F-EE15-42C4-843A-4215520349A1}.Release|x86.Build.0 = Release|Win32
		{7B2923B2-7026-4F21-AC9D-78C067073158}.Debug|x64.ActiveCfg = Debug|x64
		{7B2923B2-7026-4F21-AC9D-78C067073158}.Debug|x64.Build.0 = Debug|x64
		{7B2923B2-7026-4F21-AC9D-78C067073158}.Debug|x86.ActiveCfg = Debug|Win32
		{7B2923B2-7026-4F21-AC9D-78C067073158}.Debug|x86.Build.0 = Debug|Win32
		{7B2923B2-7026-4F21-AC9D-78C067073158}.Release|x64.ActiveCfg = Release|x64
		{7B2923B2-7026-4F21-AC9D-78C067073158}.Release|x64.Build.0 = Release|x64
		{7B2923B2-7026-4F21-AC9D-78C067073158}.Release|x86.ActiveCfg = Release|Win32
		{7B2923B2-7026-4F21-AC9D-78C067073158}.Release|x86.Build.0 = Release|Win32
		{98AF81EF-41DE-4A22-B33C-4C4605373D76}.Debug|x64.ActiveCfg = Debug|x64
		{98AF81EF-41DE-4A22-B33C-4C4605373D76}.Debug|x64.Build.0 = Debug|x64
		{98AF81EF-41DE-4A22-B33C-4C4605373D76}.Debug|x86.ActiveCfg = Debug|Win32
		{98AF81EF-41DE-4A22-B33C-4C4605373D76}.Debug|x86.Build.0 = Debug|Win32
		{98AF81EF-41DE-4A22-B33C-4C4605373D76}.Release|x64.ActiveCfg = Release|x64
		{98AF81EF-41DE-4A22-B33C-4C4605373D76}.Release|x64.Build.0 = Release|x64
		{98AF81EF-41DE-4A22-B33C-4C4605373D76}.Release|x86.ActiveCfg = Release|Win32
		{98AF81EF-41DE-4A22-B33C-4C4605373D76}.Release|x86.Build.0 = Release|Win32
		{11A2919E-11D2-45F8-89E1-4205623134E0}.Debug|x64.ActiveCfg = Debug|x64
		{11A2919E-11D2-45F8-89E1-4205623134E0}.Debug|x64.Build.0 = Debug|x64
		{11A2919E-11D2-45F8-89E1-4205623134E0}.Debug|x86.ActiveCfg = Debug|Win32
		{11A2919E-11D2-45F8-89E1-4205623134E0}.Debug|x86.Build.0 = Debug|Win32
		{11A2919E-11D2-45F8-89E1-4205623134E0}.Release|x64.ActiveCfg = Release|x64
		{11A2919E-11D2-45F8-89E1-4205623134E0}.Release|x64.Build.0 = Release|x64
		{11A2919E-11D2-45F8-89E1-4205623134E0}.Release|x86.ActiveCfg = Release|Win32
		{11A2919E-11D2-45F8-89E1-4205623134E0}.Release|x86.Build.0 = Release|Win32
		{3F51E4A4-FC93-48EA-983F-79A8CF5E49B0}.Debug|x64.ActiveCfg = Debug|x64
		{3F51E4A4-FC93-48EA-983F-79A8CF5E49B0}.Debug|x64.Build.0 = Debug|x64
		{3F51E4A4-FC93-48EA-983F-79A8CF5E49B0}.Debug|x86.ActiveCfg = Debug|Win32
		{3F51E4A4-FC93-48EA-983F-79A8CF5E49B0}.Debug|x86.Build.0 = Debug|Win32
		{3F51E4A4-FC93-48EA-983F-79A8CF5E49B0}.Release|x64.ActiveCfg = Release|x64
		{3F51E4A4-FC93-48EA-983F-79A8CF5E49B0}.Release|x64.Build.0 = Release|x64
		{3F51E4A4-FC93-48EA-983F-79A8CF5E49B0}.Release|x86.ActiveCfg = Release|Win32
		{3F51E4A4-FC93-48EA-983F-79A8CF5E49B0}.Release|x86.Build.0 = Release|Win32
		{11D26A05-B417-4D45-94DF-1C0A826E91F5}.Debug|x64.ActiveCfg = Debug|x64
		{11D26A05-B417-4D45-94DF-1C0A826E91F5}.Debug|x64.Build.0 = Debug|x64
		{11D26A05-B417-4D45-94DF-1C0A826E91F5}.Debug|x86.ActiveCfg = Debug|Win32
		{11D26A05-B417-4D45-94DF-1C0A826E91F5}.Debug|x86.Build.0 = Debug|Win32
		{11D26A05-B417-4D45-94DF-1C0A826E91F5}.Release|x64.ActiveCfg = Release|x64
		{11D26A05-B417-4D45-94DF-1C0A826E91F5}.Release|x64.Build.0 = Release|x64
		{11D26A05-B417-4D45-94DF-1C0A826E91F5}.Release|x86.ActiveCfg = Release|Win32
		{11D26A05-B417-4D45-94DF-1C0A826E91F5}.Release|x86.Build.0 = Release|Win32
		{92752341-DD2E-4DEC-A02B-FA751CEF0A20}.Debug|x64.ActiveCfg = Debug|x64
		{92752341-DD2E-4DEC-A02B-FA751CEF0A20}.Debug|x64.Build.0 = Debug|x64
		{92752341-DD2E-4DEC-A02B-FA751CEF0A20}.Debug|x86.ActiveCfg = Debug|Win32
		{92752341-DD2E-4DEC-A02B-FA751CEF0A20}.Debug|x86.Build.0 = Debug|Win32
		{92752341-DD2E-4DEC-A02B-FA751CEF0A20}.Release|x64.ActiveCfg = Release|x64
		{92752341-DD2E-4DEC-A02B-FA751CEF0A20}.Release|x64.Build.0 = Release|x64
		{92752341-DD2E-4DEC-A02B-FA751CEF0A20}.Release|x86.ActiveCfg = Release|Win32
		{92752341-DD2E-4DEC-A02B-FA751CEF0A20}.Release|x86.Build.0 = Release|Win32
		{1FB02E9A-B09C-43A3-B1AF-48171A1F49CB}.Debug|x64.ActiveCfg = Debug|x64
		{1FB02E9A-B09C-43A3-B1AF-48171A1F49CB}.Debug|x64.Build.0 = Debug|x64
		{1FB02E9A-B09C-43A3-B1AF-48171A1F49CB}.Debug|x86.ActiveCfg = Debug|Win32
		{1FB02E9A-B09C-43A3-B1AF-48171A1F49CB}.Debug|x86.Build.0 = Debug|Win32
		{1FB02E9A-B09C-43A3-B1AF-48171A1F49CB}.Release|x64.ActiveCfg = Release|x64
		{1FB02E9A-B09C-43A3-B1AF-48171A1F49CB}.Release|x64.Build.0 = Release|x64
		{1FB02E9A-B09C-43A3-B1AF-48171A1F49CB}.Release|x86.ActiveCfg = Release|Win32
		{1FB02E9A-B09C-43A3-B1AF-48171A1F49CB}.Release|x86.Build.0 = Release|Win32
		{6002F1A8-F54B-4B87-A04E-D32FB429E674}.Debug|x64.ActiveCfg = Debug|x64
		{6002F1A8-F54B-4B87-A04E-D32FB429E674}.Debug|x64.Build.0 = Debug|x64
		{6002F1A8-F54B-4B87-A04E-D32FB429E674}.Debug|x86.ActiveCfg = Debug|Win32
		{6002F1A8-F54B-4B87-A04E-D32FB429E674}.Debug|x86.Build.0 = Debug|Win32
		{6002F1A8-F54B-4B87-A04E-D32FB429E674}.Release|x64.ActiveCfg = Release|x64
		{6002F1A8-F54B-4B87-A04E-D32FB429E674}.Release|x64.Build.0 = Release|x64
		{6002F1A8-F54B-4B87-A04E-D32FB429E674}.Release|x86.ActiveCfg = Release|Win32
		{6002F1A8-F54B-4B87-A04E-D32FB429E674}.Release|x86.Build.0 = Release|Win32
		{14BCDA26-86F9-4EA9-ACCD-D84D80C39B0E}.Debug|x64.ActiveCfg = Debug|x64
		{14BCDA26-86F9-4EA9-ACCD-D84D80C39B0E}.Debug|x64.Build.0 = Debug|x64
		{14BCDA26-86F9-4EA9-ACCD-D84D80C39B0E}.Debug|x86.ActiveCfg = Debug|Win32
		{14BCDA26-86F9-4EA9-ACCD-D84D80C39B0E}.Debug|x86.Build.0 = Debug|Win32
		{14BCDA26-86F9-4EA9-ACCD-D84D80C39B0E}.Release|x64.ActiveCfg = Release|x64
		{14BCDA26-86F9-4EA9-ACCD-D84D80C39B0E}.Release|x64.Build.0 = Release|x64
		{14BCDA26-86F9-4EA9-ACCD-D84D80C39B0E}.Release|x86.ActiveCfg = Release|Win32
		{14BCDA26-86F9-4EA9-ACCD-D84D80C39B0E}.Release|x86.Build.0 = Release|Win32
		{1F7C7592-2ADE-481F-B0D9-42B329C58DEE}.Debug|x64.ActiveCfg = Debug|x64
		{1F7C7592-2ADE-481F-B0D9-42B329C58DEE}.Debug|x64.Build.0 = Debug|x64
		{1F7C7592-2ADE-481F-B0D9-42B329C58DEE}.Debug|x86.ActiveCfg = Debug|Win32
		{1F7C7592-2ADE-481F-B0D9-42B329C58DEE}.Debug|x86.Build.0 = Debug|Win32
		{1F7C7592-2ADE-481F-B0D9-42B329C58DEE}.Release|x64.ActiveCfg = Release|x64
		{1F7C7592-2ADE-481F-B0D9-42B329C58DEE}.Release|x64.Build.0 = Release|x64
		{1F7C7592-2ADE-481F-B0D9-42B329C58DEE}.Release|x86.ActiveCfg = Release|Win32
		{1F7C7592-2ADE-481F-B0D9-42B329C58DEE}.Release|x86.Build.0 = Release|Win32
		{8B7F00D5-D3BC-4310-9104-B39C8CEC8673}.Debug|x64.ActiveCfg = Debug|x64
		{8B7F00D5-D3BC-4310-9104-B39C8CEC8673}.Debug|x86.ActiveCfg = Debug|Win32
		{8B7F00D5-D3BC-4310-9104-B39C8CEC8673}.Release|x64.ActiveCfg = Release|x64
		{8B7F00D5-D3BC-4310-9104-B39C8CEC8673}.Release|x86.ActiveCfg = Release|Win32
	EndGlobalSection
	GlobalSection(SolutionProperties) = preSolution
		HideSolutionNode = FALSE
	EndGlobalSection
	GlobalSection(NestedProjects) = preSolution
		{FA0FB4E2-DCCE-484C-9206-653823C8F8DA} = {92C21309-1E57-4965-A8EC-C4BE868DA1B6}
		{43657592-EB97-4A5E-A727-A9D4D9EC8E4D} = {4A442E18-2366-468E-ABC3-35DFA10ED6AF}
		{D56A49FB-C803-4D7E-A037-7BFEF69CB329} = {4A442E18-2366-468E-ABC3-35DFA10ED6AF}
		{48792CEB-F23F-4184-BB44-29A206D8CD05} = {4A442E18-2366-468E-ABC3-35DFA10ED6AF}
		{C073AA3C-C800-4495-9F92-C622FF2EA5E1} = {4A442E18-2366-468E-ABC3-35DFA10ED6AF}
		{5E640B5D-294A-4795-BE3F-58076BD28B7B} = {4A442E18-2366-468E-ABC3-35DFA10ED6AF}
		{A5095433-A0C7-4205-AD5B-82A5C09DE805} = {4A442E18-2366-468E-ABC3-35DFA10ED6AF}
		{73516EE2-C331-4AD4-AF38-A51397C94E06} = {4A442E18-2366-468E-ABC3-35DFA10ED6AF}
		{12CA8666-2127-476E-B536-CB51F8BB6FCE} = {2158CF78-B9A0-4AA8-9501-CA7ED75D0673}
		{40789A6F-3BFC-454D-B73D-9C5DEBB37D24} = {2158CF78-B9A0-4AA8-9501-CA7ED75D0673}
		{86E46A3C-608F-4DB3-B77B-B70A57B6A2E8} = {92C21309-1E57-4965-A8EC-C4BE868DA1B6}
		{821E505C-B13B-4EA2-8FA3-DDEE6D2D5B1D} = {EE8DBE7D-1C1F-4B50-80BA-B01501A3BF1A}
		{F9C71CA5-AE92-4EF9-A46F-35E3B662F6BC} = {4A442E18-2366-468E-ABC3-35DFA10ED6AF}
		{D01E2480-8C49-4E7D-A34D-4DDB6AD3F552} = {4A442E18-2366-468E-ABC3-35DFA10ED6AF}
		{AD5FF729-F2C5-4197-9CAF-17B6312BB369} = {EE8DBE7D-1C1F-4B50-80BA-B01501A3BF1A}
		{D59FA2EB-8C38-473B-B762-DA5B05140E1D} = {EE8DBE7D-1C1F-4B50-80BA-B01501A3BF1A}
		{865D6CD8-B399-4824-92BE-171BD9488873} = {4A442E18-2366-468E-ABC3-35DFA10ED6AF}
		{03DF1422-A701-4855-9E1B-FFD4FF4D5E40} = {4A442E18-2366-468E-ABC3-35DFA10ED6AF}
		{F34CE434-9D44-4FCE-AED5-A4AC959E95DB} = {92C21309-1E57-4965-A8EC-C4BE868DA1B6}
		{0DAB78B1-E1C4-4E31-A15F-C5CB57C1D272} = {4A442E18-2366-468E-ABC3-35DFA10ED6AF}
		{F4809017-D86E-4CB5-AC6C-8DA22FA39C39} = {2158CF78-B9A0-4AA8-9501-CA7ED75D0673}
		{A85951B2-258B-431C-931E-209015247374} = {EE8DBE7D-1C1F-4B50-80BA-B01501A3BF1A}
		{876AC0EB-D6C6-48EC-A6EF-CB99E94FC7FB} = {2158CF78-B9A0-4AA8-9501-CA7ED75D0673}
		{9314206B-96F9-46EC-AB30-26604D4FD3AC} = {2158CF78-B9A0-4AA8-9501-CA7ED75D0673}
		{2B992A51-EAA6-4B37-9758-8E8BDD9DEF61} = {2158CF78-B9A0-4AA8-9501-CA7ED75D0673}
		{ABCC2D7F-EE15-42C4-843A-4215520349A1} = {2158CF78-B9A0-4AA8-9501-CA7ED75D0673}
		{7B2923B2-7026-4F21-AC9D-78C067073158} = {4A442E18-2366-468E-ABC3-35DFA10ED6AF}
		{98AF81EF-41DE-4A22-B33C-4C4605373D76} = {2158CF78-B9A0-4AA8-9501-CA7ED75D0673}
		{11A2919E-11D2-45F8-89E1-4205623134E0} = {EE8DBE7D-1C1F-4B50-80BA-B01501A3BF1A}
		{3F51E4A4-FC93-48EA-983F-79A8CF5E49B0} = {2158CF78-B9A0-4AA8-9501-CA7ED75D0673}
		{11D26A05-B417-4D45-94DF-1C0A826E91F5} = {2158CF78-B9A0-4AA8-9501-CA7ED75D0673}
		{92752341-DD2E-4DEC-A02B-FA751CEF0A20} = {2158CF78-B9A0-4AA8-9501-CA7ED75D0673}
		{1FB02E9A-B09C-43A3-B1AF-48171A1F49CB} = {92C21309-1E57-4965-A8EC-C4BE868DA1B6}
		{6002F1A8-F54B-4B87-A04E-D32FB429E674} = {4A442E18-2366-468E-ABC3-35DFA10ED6AF}
		{14BCDA26-86F9-4EA9-ACCD-D84D80C39B0E} = {EE8DBE7D-1C1F-4B50-80BA-B01501A3BF1A}
		{1F7C7592-2ADE-481F-B0D9-42B329C58DEE} = {4A442E18-2366-468E-ABC3-35DFA10ED6AF}
		{8B7F00D5-D3BC-4310-9104-B39C8CEC8673} = {92C21309-1E57-4965-A8EC-C4BE868DA1B6}
	EndGlobalSection
EndGlobal
